// !$*UTF8*$!
{
	archiveVersion = 1;
	classes = {
	};
	objectVersion = 46;
	objects = {

/* Begin PBXBuildFile section */
		2D1ED98C1D7A7F030015FC68 /* main.m in Sources */ = {isa = PBXBuildFile; fileRef = 2D1ED98B1D7A7F030015FC68 /* main.m */; };
		2D1ED98F1D7A7F030015FC68 /* AppDelegate.m in Sources */ = {isa = PBXBuildFile; fileRef = 2D1ED98E1D7A7F030015FC68 /* AppDelegate.m */; };
		2D1ED9921D7A7F030015FC68 /* ViewController.m in Sources */ = {isa = PBXBuildFile; fileRef = 2D1ED9911D7A7F030015FC68 /* ViewController.m */; };
		2D1ED9951D7A7F030015FC68 /* Main.storyboard in Resources */ = {isa = PBXBuildFile; fileRef = 2D1ED9931D7A7F030015FC68 /* Main.storyboard */; };
		2D1ED9971D7A7F030015FC68 /* Assets.xcassets in Resources */ = {isa = PBXBuildFile; fileRef = 2D1ED9961D7A7F030015FC68 /* Assets.xcassets */; };
		2D1ED99A1D7A7F030015FC68 /* LaunchScreen.storyboard in Resources */ = {isa = PBXBuildFile; fileRef = 2D1ED9981D7A7F030015FC68 /* LaunchScreen.storyboard */; };
		2D1ED9A51D7A7F030015FC68 /* LLURLRouterDemoTests.m in Sources */ = {isa = PBXBuildFile; fileRef = 2D1ED9A41D7A7F030015FC68 /* LLURLRouterDemoTests.m */; };
		2D1ED9B01D7A7F030015FC68 /* LLURLRouterDemoUITests.m in Sources */ = {isa = PBXBuildFile; fileRef = 2D1ED9AF1D7A7F030015FC68 /* LLURLRouterDemoUITests.m */; };
		2D1ED9C11D7A87330015FC68 /* LLURLRouter.m in Sources */ = {isa = PBXBuildFile; fileRef = 2D1ED9C01D7A87330015FC68 /* LLURLRouter.m */; };
		2D1ED9C41D7A88790015FC68 /* UIViewController+LLURLRouter.m in Sources */ = {isa = PBXBuildFile; fileRef = 2D1ED9C31D7A88790015FC68 /* UIViewController+LLURLRouter.m */; };
		2D1ED9C71D7A97980015FC68 /* LLURLNavigation.m in Sources */ = {isa = PBXBuildFile; fileRef = 2D1ED9C61D7A97980015FC68 /* LLURLNavigation.m */; };
		2D69E6D41D802D3400B8BF43 /* OneChildView.m in Sources */ = {isa = PBXBuildFile; fileRef = 2D69E6D31D802D3400B8BF43 /* OneChildView.m */; };
		2D69E6D71D802DCD00B8BF43 /* OneViewController.m in Sources */ = {isa = PBXBuildFile; fileRef = 2D69E6D61D802DCD00B8BF43 /* OneViewController.m */; };
		2D69E6DA1D802E7900B8BF43 /* WebViewController.m in Sources */ = {isa = PBXBuildFile; fileRef = 2D69E6D91D802E7900B8BF43 /* WebViewController.m */; };
		2D69E6DC1D802E9700B8BF43 /* LLURLRouter.plist in Resources */ = {isa = PBXBuildFile; fileRef = 2D69E6DB1D802E9700B8BF43 /* LLURLRouter.plist */; };
		2D69E6DF1D802F3E00B8BF43 /* TwoViewController.m in Sources */ = {isa = PBXBuildFile; fileRef = 2D69E6DE1D802F3E00B8BF43 /* TwoViewController.m */; };
		2D69E6E21D802F4A00B8BF43 /* ThreeViewController.m in Sources */ = {isa = PBXBuildFile; fileRef = 2D69E6E11D802F4A00B8BF43 /* ThreeViewController.m */; };
		2D69E6E51D802F5200B8BF43 /* FourViewController.m in Sources */ = {isa = PBXBuildFile; fileRef = 2D69E6E41D802F5200B8BF43 /* FourViewController.m */; };
		2D69E6E81D802F5C00B8BF43 /* FiveViewController.m in Sources */ = {isa = PBXBuildFile; fileRef = 2D69E6E71D802F5C00B8BF43 /* FiveViewController.m */; };
/* End PBXBuildFile section */

/* Begin PBXContainerItemProxy section */
		2D1ED9A11D7A7F030015FC68 /* PBXContainerItemProxy */ = {
			isa = PBXContainerItemProxy;
			containerPortal = 2D1ED97F1D7A7F030015FC68 /* Project object */;
			proxyType = 1;
			remoteGlobalIDString = 2D1ED9861D7A7F030015FC68;
			remoteInfo = LLURLRouterDemo;
		};
		2D1ED9AC1D7A7F030015FC68 /* PBXContainerItemProxy */ = {
			isa = PBXContainerItemProxy;
			containerPortal = 2D1ED97F1D7A7F030015FC68 /* Project object */;
			proxyType = 1;
			remoteGlobalIDString = 2D1ED9861D7A7F030015FC68;
			remoteInfo = LLURLRouterDemo;
		};
/* End PBXContainerItemProxy section */

/* Begin PBXFileReference section */
		2D1ED9871D7A7F030015FC68 /* LLURLRouterDemo.app */ = {isa = PBXFileReference; explicitFileType = wrapper.application; includeInIndex = 0; path = LLURLRouterDemo.app; sourceTree = BUILT_PRODUCTS_DIR; };
		2D1ED98B1D7A7F030015FC68 /* main.m */ = {isa = PBXFileReference; lastKnownFileType = sourcecode.c.objc; path = main.m; sourceTree = "<group>"; };
		2D1ED98D1D7A7F030015FC68 /* AppDelegate.h */ = {isa = PBXFileReference; lastKnownFileType = sourcecode.c.h; path = AppDelegate.h; sourceTree = "<group>"; };
		2D1ED98E1D7A7F030015FC68 /* AppDelegate.m */ = {isa = PBXFileReference; lastKnownFileType = sourcecode.c.objc; path = AppDelegate.m; sourceTree = "<group>"; };
		2D1ED9901D7A7F030015FC68 /* ViewController.h */ = {isa = PBXFileReference; lastKnownFileType = sourcecode.c.h; path = ViewController.h; sourceTree = "<group>"; };
		2D1ED9911D7A7F030015FC68 /* ViewController.m */ = {isa = PBXFileReference; lastKnownFileType = sourcecode.c.objc; path = ViewController.m; sourceTree = "<group>"; };
		2D1ED9941D7A7F030015FC68 /* Base */ = {isa = PBXFileReference; lastKnownFileType = file.storyboard; name = Base; path = Base.lproj/Main.storyboard; sourceTree = "<group>"; };
		2D1ED9961D7A7F030015FC68 /* Assets.xcassets */ = {isa = PBXFileReference; lastKnownFileType = folder.assetcatalog; path = Assets.xcassets; sourceTree = "<group>"; };
		2D1ED9991D7A7F030015FC68 /* Base */ = {isa = PBXFileReference; lastKnownFileType = file.storyboard; name = Base; path = Base.lproj/LaunchScreen.storyboard; sourceTree = "<group>"; };
		2D1ED99B1D7A7F030015FC68 /* Info.plist */ = {isa = PBXFileReference; lastKnownFileType = text.plist.xml; path = Info.plist; sourceTree = "<group>"; };
		2D1ED9A01D7A7F030015FC68 /* LLURLRouterDemoTests.xctest */ = {isa = PBXFileReference; explicitFileType = wrapper.cfbundle; includeInIndex = 0; path = LLURLRouterDemoTests.xctest; sourceTree = BUILT_PRODUCTS_DIR; };
		2D1ED9A41D7A7F030015FC68 /* LLURLRouterDemoTests.m */ = {isa = PBXFileReference; lastKnownFileType = sourcecode.c.objc; path = LLURLRouterDemoTests.m; sourceTree = "<group>"; };
		2D1ED9A61D7A7F030015FC68 /* Info.plist */ = {isa = PBXFileReference; lastKnownFileType = text.plist.xml; path = Info.plist; sourceTree = "<group>"; };
		2D1ED9AB1D7A7F030015FC68 /* LLURLRouterDemoUITests.xctest */ = {isa = PBXFileReference; explicitFileType = wrapper.cfbundle; includeInIndex = 0; path = LLURLRouterDemoUITests.xctest; sourceTree = BUILT_PRODUCTS_DIR; };
		2D1ED9AF1D7A7F030015FC68 /* LLURLRouterDemoUITests.m */ = {isa = PBXFileReference; lastKnownFileType = sourcecode.c.objc; path = LLURLRouterDemoUITests.m; sourceTree = "<group>"; };
		2D1ED9B11D7A7F030015FC68 /* Info.plist */ = {isa = PBXFileReference; lastKnownFileType = text.plist.xml; path = Info.plist; sourceTree = "<group>"; };
		2D1ED9BE1D7A82F80015FC68 /* LLSingleton.h */ = {isa = PBXFileReference; lastKnownFileType = sourcecode.c.h; path = LLSingleton.h; sourceTree = "<group>"; };
		2D1ED9BF1D7A87330015FC68 /* LLURLRouter.h */ = {isa = PBXFileReference; fileEncoding = 4; lastKnownFileType = sourcecode.c.h; path = LLURLRouter.h; sourceTree = "<group>"; };
		2D1ED9C01D7A87330015FC68 /* LLURLRouter.m */ = {isa = PBXFileReference; fileEncoding = 4; lastKnownFileType = sourcecode.c.objc; path = LLURLRouter.m; sourceTree = "<group>"; };
		2D1ED9C21D7A88790015FC68 /* UIViewController+LLURLRouter.h */ = {isa = PBXFileReference; fileEncoding = 4; lastKnownFileType = sourcecode.c.h; path = "UIViewController+LLURLRouter.h"; sourceTree = "<group>"; };
		2D1ED9C31D7A88790015FC68 /* UIViewController+LLURLRouter.m */ = {isa = PBXFileReference; fileEncoding = 4; lastKnownFileType = sourcecode.c.objc; path = "UIViewController+LLURLRouter.m"; sourceTree = "<group>"; };
		2D1ED9C51D7A97980015FC68 /* LLURLNavigation.h */ = {isa = PBXFileReference; fileEncoding = 4; lastKnownFileType = sourcecode.c.h; path = LLURLNavigation.h; sourceTree = "<group>"; };
		2D1ED9C61D7A97980015FC68 /* LLURLNavigation.m */ = {isa = PBXFileReference; fileEncoding = 4; lastKnownFileType = sourcecode.c.objc; path = LLURLNavigation.m; sourceTree = "<group>"; };
		2D69E6D21D802D3400B8BF43 /* OneChildView.h */ = {isa = PBXFileReference; fileEncoding = 4; lastKnownFileType = sourcecode.c.h; path = OneChildView.h; sourceTree = "<group>"; };
		2D69E6D31D802D3400B8BF43 /* OneChildView.m */ = {isa = PBXFileReference; fileEncoding = 4; lastKnownFileType = sourcecode.c.objc; path = OneChildView.m; sourceTree = "<group>"; };
		2D69E6D51D802DCD00B8BF43 /* OneViewController.h */ = {isa = PBXFileReference; fileEncoding = 4; lastKnownFileType = sourcecode.c.h; path = OneViewController.h; sourceTree = "<group>"; };
		2D69E6D61D802DCD00B8BF43 /* OneViewController.m */ = {isa = PBXFileReference; fileEncoding = 4; lastKnownFileType = sourcecode.c.objc; path = OneViewController.m; sourceTree = "<group>"; };
		2D69E6D81D802E7900B8BF43 /* WebViewController.h */ = {isa = PBXFileReference; fileEncoding = 4; lastKnownFileType = sourcecode.c.h; path = WebViewController.h; sourceTree = "<group>"; };
		2D69E6D91D802E7900B8BF43 /* WebViewController.m */ = {isa = PBXFileReference; fileEncoding = 4; lastKnownFileType = sourcecode.c.objc; path = WebViewController.m; sourceTree = "<group>"; };
		2D69E6DB1D802E9700B8BF43 /* LLURLRouter.plist */ = {isa = PBXFileReference; fileEncoding = 4; lastKnownFileType = text.plist.xml; path = LLURLRouter.plist; sourceTree = "<group>"; };
		2D69E6DD1D802F3E00B8BF43 /* TwoViewController.h */ = {isa = PBXFileReference; fileEncoding = 4; lastKnownFileType = sourcecode.c.h; path = TwoViewController.h; sourceTree = "<group>"; };
		2D69E6DE1D802F3E00B8BF43 /* TwoViewController.m */ = {isa = PBXFileReference; fileEncoding = 4; lastKnownFileType = sourcecode.c.objc; path = TwoViewController.m; sourceTree = "<group>"; };
		2D69E6E01D802F4A00B8BF43 /* ThreeViewController.h */ = {isa = PBXFileReference; fileEncoding = 4; lastKnownFileType = sourcecode.c.h; path = ThreeViewController.h; sourceTree = "<group>"; };
		2D69E6E11D802F4A00B8BF43 /* ThreeViewController.m */ = {isa = PBXFileReference; fileEncoding = 4; lastKnownFileType = sourcecode.c.objc; path = ThreeViewController.m; sourceTree = "<group>"; };
		2D69E6E31D802F5200B8BF43 /* FourViewController.h */ = {isa = PBXFileReference; fileEncoding = 4; lastKnownFileType = sourcecode.c.h; path = FourViewController.h; sourceTree = "<group>"; };
		2D69E6E41D802F5200B8BF43 /* FourViewController.m */ = {isa = PBXFileReference; fileEncoding = 4; lastKnownFileType = sourcecode.c.objc; path = FourViewController.m; sourceTree = "<group>"; };
		2D69E6E61D802F5C00B8BF43 /* FiveViewController.h */ = {isa = PBXFileReference; fileEncoding = 4; lastKnownFileType = sourcecode.c.h; path = FiveViewController.h; sourceTree = "<group>"; };
		2D69E6E71D802F5C00B8BF43 /* FiveViewController.m */ = {isa = PBXFileReference; fileEncoding = 4; lastKnownFileType = sourcecode.c.objc; path = FiveViewController.m; sourceTree = "<group>"; };
/* End PBXFileReference section */

/* Begin PBXFrameworksBuildPhase section */
		2D1ED9841D7A7F030015FC68 /* Frameworks */ = {
			isa = PBXFrameworksBuildPhase;
			buildActionMask = 2147483647;
			files = (
			);
			runOnlyForDeploymentPostprocessing = 0;
		};
		2D1ED99D1D7A7F030015FC68 /* Frameworks */ = {
			isa = PBXFrameworksBuildPhase;
			buildActionMask = 2147483647;
			files = (
			);
			runOnlyForDeploymentPostprocessing = 0;
		};
		2D1ED9A81D7A7F030015FC68 /* Frameworks */ = {
			isa = PBXFrameworksBuildPhase;
			buildActionMask = 2147483647;
			files = (
			);
			runOnlyForDeploymentPostprocessing = 0;
		};
/* End PBXFrameworksBuildPhase section */

/* Begin PBXGroup section */
		2D1ED97E1D7A7F030015FC68 = {
			isa = PBXGroup;
			children = (
				2D1ED9891D7A7F030015FC68 /* LLURLRouterDemo */,
				2D1ED9A31D7A7F030015FC68 /* LLURLRouterDemoTests */,
				2D1ED9AE1D7A7F030015FC68 /* LLURLRouterDemoUITests */,
				2D1ED9881D7A7F030015FC68 /* Products */,
			);
			sourceTree = "<group>";
		};
		2D1ED9881D7A7F030015FC68 /* Products */ = {
			isa = PBXGroup;
			children = (
				2D1ED9871D7A7F030015FC68 /* LLURLRouterDemo.app */,
				2D1ED9A01D7A7F030015FC68 /* LLURLRouterDemoTests.xctest */,
				2D1ED9AB1D7A7F030015FC68 /* LLURLRouterDemoUITests.xctest */,
			);
			name = Products;
			sourceTree = "<group>";
		};
		2D1ED9891D7A7F030015FC68 /* LLURLRouterDemo */ = {
			isa = PBXGroup;
			children = (
				2D1ED9BD1D7A82D90015FC68 /* LLURLRouter */,
				2D1ED98D1D7A7F030015FC68 /* AppDelegate.h */,
				2D1ED98E1D7A7F030015FC68 /* AppDelegate.m */,
				2D69E6D51D802DCD00B8BF43 /* OneViewController.h */,
				2D69E6D61D802DCD00B8BF43 /* OneViewController.m */,
				2D69E6DD1D802F3E00B8BF43 /* TwoViewController.h */,
				2D69E6DE1D802F3E00B8BF43 /* TwoViewController.m */,
				2D69E6E01D802F4A00B8BF43 /* ThreeViewController.h */,
				2D69E6E11D802F4A00B8BF43 /* ThreeViewController.m */,
				2D69E6E31D802F5200B8BF43 /* FourViewController.h */,
				2D69E6E41D802F5200B8BF43 /* FourViewController.m */,
				2D69E6D81D802E7900B8BF43 /* WebViewController.h */,
				2D69E6E61D802F5C00B8BF43 /* FiveViewController.h */,
				2D69E6E71D802F5C00B8BF43 /* FiveViewController.m */,
				2D69E6D91D802E7900B8BF43 /* WebViewController.m */,
				2D69E6D21D802D3400B8BF43 /* OneChildView.h */,
				2D69E6D31D802D3400B8BF43 /* OneChildView.m */,
				2D1ED9931D7A7F030015FC68 /* Main.storyboard */,
				2D1ED9961D7A7F030015FC68 /* Assets.xcassets */,
				2D1ED9981D7A7F030015FC68 /* LaunchScreen.storyboard */,
				2D1ED99B1D7A7F030015FC68 /* Info.plist */,
				2D1ED98A1D7A7F030015FC68 /* Supporting Files */,
			);
			path = LLURLRouterDemo;
			sourceTree = "<group>";
		};
		2D1ED98A1D7A7F030015FC68 /* Supporting Files */ = {
			isa = PBXGroup;
			children = (
				2D1ED9901D7A7F030015FC68 /* ViewController.h */,
				2D1ED9911D7A7F030015FC68 /* ViewController.m */,
				2D1ED98B1D7A7F030015FC68 /* main.m */,
			);
			name = "Supporting Files";
			sourceTree = "<group>";
		};
		2D1ED9A31D7A7F030015FC68 /* LLURLRouterDemoTests */ = {
			isa = PBXGroup;
			children = (
				2D1ED9A41D7A7F030015FC68 /* LLURLRouterDemoTests.m */,
				2D1ED9A61D7A7F030015FC68 /* Info.plist */,
			);
			path = LLURLRouterDemoTests;
			sourceTree = "<group>";
		};
		2D1ED9AE1D7A7F030015FC68 /* LLURLRouterDemoUITests */ = {
			isa = PBXGroup;
			children = (
				2D1ED9AF1D7A7F030015FC68 /* LLURLRouterDemoUITests.m */,
				2D1ED9B11D7A7F030015FC68 /* Info.plist */,
			);
			path = LLURLRouterDemoUITests;
			sourceTree = "<group>";
		};
		2D1ED9BD1D7A82D90015FC68 /* LLURLRouter */ = {
			isa = PBXGroup;
			children = (
				2D1ED9BF1D7A87330015FC68 /* LLURLRouter.h */,
				2D1ED9C01D7A87330015FC68 /* LLURLRouter.m */,
				2D1ED9C51D7A97980015FC68 /* LLURLNavigation.h */,
				2D1ED9C61D7A97980015FC68 /* LLURLNavigation.m */,
				2D1ED9C21D7A88790015FC68 /* UIViewController+LLURLRouter.h */,
				2D1ED9C31D7A88790015FC68 /* UIViewController+LLURLRouter.m */,
				2D1ED9BE1D7A82F80015FC68 /* LLSingleton.h */,
				2D69E6DB1D802E9700B8BF43 /* LLURLRouter.plist */,
			);
			path = LLURLRouter;
			sourceTree = "<group>";
		};
/* End PBXGroup section */

/* Begin PBXNativeTarget section */
		2D1ED9861D7A7F030015FC68 /* LLURLRouterDemo */ = {
			isa = PBXNativeTarget;
			buildConfigurationList = 2D1ED9B41D7A7F030015FC68 /* Build configuration list for PBXNativeTarget "LLURLRouterDemo" */;
			buildPhases = (
				2D1ED9831D7A7F030015FC68 /* Sources */,
				2D1ED9841D7A7F030015FC68 /* Frameworks */,
				2D1ED9851D7A7F030015FC68 /* Resources */,
			);
			buildRules = (
			);
			dependencies = (
			);
			name = LLURLRouterDemo;
			productName = LLURLRouterDemo;
			productReference = 2D1ED9871D7A7F030015FC68 /* LLURLRouterDemo.app */;
			productType = "com.apple.product-type.application";
		};
		2D1ED99F1D7A7F030015FC68 /* LLURLRouterDemoTests */ = {
			isa = PBXNativeTarget;
			buildConfigurationList = 2D1ED9B71D7A7F030015FC68 /* Build configuration list for PBXNativeTarget "LLURLRouterDemoTests" */;
			buildPhases = (
				2D1ED99C1D7A7F030015FC68 /* Sources */,
				2D1ED99D1D7A7F030015FC68 /* Frameworks */,
				2D1ED99E1D7A7F030015FC68 /* Resources */,
			);
			buildRules = (
			);
			dependencies = (
				2D1ED9A21D7A7F030015FC68 /* PBXTargetDependency */,
			);
			name = LLURLRouterDemoTests;
			productName = LLURLRouterDemoTests;
			productReference = 2D1ED9A01D7A7F030015FC68 /* LLURLRouterDemoTests.xctest */;
			productType = "com.apple.product-type.bundle.unit-test";
		};
		2D1ED9AA1D7A7F030015FC68 /* LLURLRouterDemoUITests */ = {
			isa = PBXNativeTarget;
			buildConfigurationList = 2D1ED9BA1D7A7F030015FC68 /* Build configuration list for PBXNativeTarget "LLURLRouterDemoUITests" */;
			buildPhases = (
				2D1ED9A71D7A7F030015FC68 /* Sources */,
				2D1ED9A81D7A7F030015FC68 /* Frameworks */,
				2D1ED9A91D7A7F030015FC68 /* Resources */,
			);
			buildRules = (
			);
			dependencies = (
				2D1ED9AD1D7A7F030015FC68 /* PBXTargetDependency */,
			);
			name = LLURLRouterDemoUITests;
			productName = LLURLRouterDemoUITests;
			productReference = 2D1ED9AB1D7A7F030015FC68 /* LLURLRouterDemoUITests.xctest */;
			productType = "com.apple.product-type.bundle.ui-testing";
		};
/* End PBXNativeTarget section */

/* Begin PBXProject section */
		2D1ED97F1D7A7F030015FC68 /* Project object */ = {
			isa = PBXProject;
			attributes = {
				LastUpgradeCheck = 0720;
				ORGANIZATIONNAME = Hailang;
				TargetAttributes = {
					2D1ED9861D7A7F030015FC68 = {
						CreatedOnToolsVersion = 7.2.1;
					};
					2D1ED99F1D7A7F030015FC68 = {
						CreatedOnToolsVersion = 7.2.1;
						TestTargetID = 2D1ED9861D7A7F030015FC68;
					};
					2D1ED9AA1D7A7F030015FC68 = {
						CreatedOnToolsVersion = 7.2.1;
						TestTargetID = 2D1ED9861D7A7F030015FC68;
					};
				};
			};
			buildConfigurationList = 2D1ED9821D7A7F030015FC68 /* Build configuration list for PBXProject "LLURLRouterDemo" */;
			compatibilityVersion = "Xcode 3.2";
			developmentRegion = English;
			hasScannedForEncodings = 0;
			knownRegions = (
				en,
				Base,
			);
			mainGroup = 2D1ED97E1D7A7F030015FC68;
			productRefGroup = 2D1ED9881D7A7F030015FC68 /* Products */;
			projectDirPath = "";
			projectRoot = "";
			targets = (
				2D1ED9861D7A7F030015FC68 /* LLURLRouterDemo */,
				2D1ED99F1D7A7F030015FC68 /* LLURLRouterDemoTests */,
				2D1ED9AA1D7A7F030015FC68 /* LLURLRouterDemoUITests */,
			);
		};
/* End PBXProject section */

/* Begin PBXResourcesBuildPhase section */
		2D1ED9851D7A7F030015FC68 /* Resources */ = {
			isa = PBXResourcesBuildPhase;
			buildActionMask = 2147483647;
			files = (
				2D1ED99A1D7A7F030015FC68 /* LaunchScreen.storyboard in Resources */,
				2D1ED9971D7A7F030015FC68 /* Assets.xcassets in Resources */,
				2D1ED9951D7A7F030015FC68 /* Main.storyboard in Resources */,
				2D69E6DC1D802E9700B8BF43 /* LLURLRouter.plist in Resources */,
			);
			runOnlyForDeploymentPostprocessing = 0;
		};
		2D1ED99E1D7A7F030015FC68 /* Resources */ = {
			isa = PBXResourcesBuildPhase;
			buildActionMask = 2147483647;
			files = (
			);
			runOnlyForDeploymentPostprocessing = 0;
		};
		2D1ED9A91D7A7F030015FC68 /* Resources */ = {
			isa = PBXResourcesBuildPhase;
			buildActionMask = 2147483647;
			files = (
			);
			runOnlyForDeploymentPostprocessing = 0;
		};
/* End PBXResourcesBuildPhase section */

/* Begin PBXSourcesBuildPhase section */
		2D1ED9831D7A7F030015FC68 /* Sources */ = {
			isa = PBXSourcesBuildPhase;
			buildActionMask = 2147483647;
			files = (
				2D1ED9C11D7A87330015FC68 /* LLURLRouter.m in Sources */,
				2D1ED9921D7A7F030015FC68 /* ViewController.m in Sources */,
				2D69E6E21D802F4A00B8BF43 /* ThreeViewController.m in Sources */,
				2D69E6D41D802D3400B8BF43 /* OneChildView.m in Sources */,
				2D69E6DF1D802F3E00B8BF43 /* TwoViewController.m in Sources */,
				2D1ED98F1D7A7F030015FC68 /* AppDelegate.m in Sources */,
				2D69E6E51D802F5200B8BF43 /* FourViewController.m in Sources */,
				2D69E6DA1D802E7900B8BF43 /* WebViewController.m in Sources */,
				2D1ED98C1D7A7F030015FC68 /* main.m in Sources */,
				2D1ED9C41D7A88790015FC68 /* UIViewController+LLURLRouter.m in Sources */,
				2D1ED9C71D7A97980015FC68 /* LLURLNavigation.m in Sources */,
				2D69E6E81D802F5C00B8BF43 /* FiveViewController.m in Sources */,
				2D69E6D71D802DCD00B8BF43 /* OneViewController.m in Sources */,
			);
			runOnlyForDeploymentPostprocessing = 0;
		};
		2D1ED99C1D7A7F030015FC68 /* Sources */ = {
			isa = PBXSourcesBuildPhase;
			buildActionMask = 2147483647;
			files = (
				2D1ED9A51D7A7F030015FC68 /* LLURLRouterDemoTests.m in Sources */,
			);
			runOnlyForDeploymentPostprocessing = 0;
		};
		2D1ED9A71D7A7F030015FC68 /* Sources */ = {
			isa = PBXSourcesBuildPhase;
			buildActionMask = 2147483647;
			files = (
				2D1ED9B01D7A7F030015FC68 /* LLURLRouterDemoUITests.m in Sources */,
			);
			runOnlyForDeploymentPostprocessing = 0;
		};
/* End PBXSourcesBuildPhase section */

/* Begin PBXTargetDependency section */
		2D1ED9A21D7A7F030015FC68 /* PBXTargetDependency */ = {
			isa = PBXTargetDependency;
			target = 2D1ED9861D7A7F030015FC68 /* LLURLRouterDemo */;
			targetProxy = 2D1ED9A11D7A7F030015FC68 /* PBXContainerItemProxy */;
		};
		2D1ED9AD1D7A7F030015FC68 /* PBXTargetDependency */ = {
			isa = PBXTargetDependency;
			target = 2D1ED9861D7A7F030015FC68 /* LLURLRouterDemo */;
			targetProxy = 2D1ED9AC1D7A7F030015FC68 /* PBXContainerItemProxy */;
		};
/* End PBXTargetDependency section */

/* Begin PBXVariantGroup section */
		2D1ED9931D7A7F030015FC68 /* Main.storyboard */ = {
			isa = PBXVariantGroup;
			children = (
				2D1ED9941D7A7F030015FC68 /* Base */,
			);
			name = Main.storyboard;
			sourceTree = "<group>";
		};
		2D1ED9981D7A7F030015FC68 /* LaunchScreen.storyboard */ = {
			isa = PBXVariantGroup;
			children = (
				2D1ED9991D7A7F030015FC68 /* Base */,
			);
			name = LaunchScreen.storyboard;
			sourceTree = "<group>";
		};
/* End PBXVariantGroup section */

/* Begin XCBuildConfiguration section */
		2D1ED9B21D7A7F030015FC68 /* Debug */ = {
			isa = XCBuildConfiguration;
			buildSettings = {
				ALWAYS_SEARCH_USER_PATHS = NO;
				CLANG_CXX_LANGUAGE_STANDARD = "gnu++0x";
				CLANG_CXX_LIBRARY = "libc++";
				CLANG_ENABLE_MODULES = YES;
				CLANG_ENABLE_OBJC_ARC = YES;
				CLANG_WARN_BOOL_CONVERSION = YES;
				CLANG_WARN_CONSTANT_CONVERSION = YES;
				CLANG_WARN_DIRECT_OBJC_ISA_USAGE = YES_ERROR;
				CLANG_WARN_EMPTY_BODY = YES;
				CLANG_WARN_ENUM_CONVERSION = YES;
				CLANG_WARN_INT_CONVERSION = YES;
				CLANG_WARN_OBJC_ROOT_CLASS = YES_ERROR;
				CLANG_WARN_UNREACHABLE_CODE = YES;
				CLANG_WARN__DUPLICATE_METHOD_MATCH = YES;
				"CODE_SIGN_IDENTITY[sdk=iphoneos*]" = "iPhone Developer";
				COPY_PHASE_STRIP = NO;
				DEBUG_INFORMATION_FORMAT = dwarf;
				ENABLE_STRICT_OBJC_MSGSEND = YES;
				ENABLE_TESTABILITY = YES;
				GCC_C_LANGUAGE_STANDARD = gnu99;
				GCC_DYNAMIC_NO_PIC = NO;
				GCC_NO_COMMON_BLOCKS = YES;
				GCC_OPTIMIZATION_LEVEL = 0;
				GCC_PREPROCESSOR_DEFINITIONS = (
					"DEBUG=1",
					"$(inherited)",
				);
				GCC_WARN_64_TO_32_BIT_CONVERSION = YES;
				GCC_WARN_ABOUT_RETURN_TYPE = YES_ERROR;
				GCC_WARN_UNDECLARED_SELECTOR = YES;
				GCC_WARN_UNINITIALIZED_AUTOS = YES_AGGRESSIVE;
				GCC_WARN_UNUSED_FUNCTION = YES;
				GCC_WARN_UNUSED_VARIABLE = YES;
				IPHONEOS_DEPLOYMENT_TARGET = 9.2;
				MTL_ENABLE_DEBUG_INFO = YES;
				ONLY_ACTIVE_ARCH = YES;
				SDKROOT = iphoneos;
				TARGETED_DEVICE_FAMILY = "1,2";
			};
			name = Debug;
		};
		2D1ED9B31D7A7F030015FC68 /* Release */ = {
			isa = XCBuildConfiguration;
			buildSettings = {
				ALWAYS_SEARCH_USER_PATHS = NO;
				CLANG_CXX_LANGUAGE_STANDARD = "gnu++0x";
				CLANG_CXX_LIBRARY = "libc++";
				CLANG_ENABLE_MODULES = YES;
				CLANG_ENABLE_OBJC_ARC = YES;
				CLANG_WARN_BOOL_CONVERSION = YES;
				CLANG_WARN_CONSTANT_CONVERSION = YES;
				CLANG_WARN_DIRECT_OBJC_ISA_USAGE = YES_ERROR;
				CLANG_WARN_EMPTY_BODY = YES;
				CLANG_WARN_ENUM_CONVERSION = YES;
				CLANG_WARN_INT_CONVERSION = YES;
				CLANG_WARN_OBJC_ROOT_CLASS = YES_ERROR;
				CLANG_WARN_UNREACHABLE_CODE = YES;
				CLANG_WARN__DUPLICATE_METHOD_MATCH = YES;
				"CODE_SIGN_IDENTITY[sdk=iphoneos*]" = "iPhone Developer";
				COPY_PHASE_STRIP = NO;
				DEBUG_INFORMATION_FORMAT = "dwarf-with-dsym";
				ENABLE_NS_ASSERTIONS = NO;
				ENABLE_STRICT_OBJC_MSGSEND = YES;
				GCC_C_LANGUAGE_STANDARD = gnu99;
				GCC_NO_COMMON_BLOCKS = YES;
				GCC_WARN_64_TO_32_BIT_CONVERSION = YES;
				GCC_WARN_ABOUT_RETURN_TYPE = YES_ERROR;
				GCC_WARN_UNDECLARED_SELECTOR = YES;
				GCC_WARN_UNINITIALIZED_AUTOS = YES_AGGRESSIVE;
				GCC_WARN_UNUSED_FUNCTION = YES;
				GCC_WARN_UNUSED_VARIABLE = YES;
				IPHONEOS_DEPLOYMENT_TARGET = 9.2;
				MTL_ENABLE_DEBUG_INFO = NO;
				SDKROOT = iphoneos;
				TARGETED_DEVICE_FAMILY = "1,2";
				VALIDATE_PRODUCT = YES;
			};
			name = Release;
		};
		2D1ED9B51D7A7F030015FC68 /* Debug */ = {
			isa = XCBuildConfiguration;
			buildSettings = {
				ASSETCATALOG_COMPILER_APPICON_NAME = AppIcon;
				INFOPLIST_FILE = LLURLRouterDemo/Info.plist;
				IPHONEOS_DEPLOYMENT_TARGET = 8.0;
				LD_RUNPATH_SEARCH_PATHS = "$(inherited) @executable_path/Frameworks";
				PRODUCT_BUNDLE_IDENTIFIER = lxl.LLURLRouterDemo;
				PRODUCT_NAME = "$(TARGET_NAME)";
			};
			name = Debug;
		};
		2D1ED9B61D7A7F030015FC68 /* Release */ = {
			isa = XCBuildConfiguration;
			buildSettings = {
				ASSETCATALOG_COMPILER_APPICON_NAME = AppIcon;
				INFOPLIST_FILE = LLURLRouterDemo/Info.plist;
				IPHONEOS_DEPLOYMENT_TARGET = 8.0;
				LD_RUNPATH_SEARCH_PATHS = "$(inherited) @executable_path/Frameworks";
				PRODUCT_BUNDLE_IDENTIFIER = lxl.LLURLRouterDemo;
				PRODUCT_NAME = "$(TARGET_NAME)";
			};
			name = Release;
		};
		2D1ED9B81D7A7F030015FC68 /* Debug */ = {
			isa = XCBuildConfiguration;
			buildSettings = {
				BUNDLE_LOADER = "$(TEST_HOST)";
				INFOPLIST_FILE = LLURLRouterDemoTests/Info.plist;
				LD_RUNPATH_SEARCH_PATHS = "$(inherited) @executable_path/Frameworks @loader_path/Frameworks";
				PRODUCT_BUNDLE_IDENTIFIER = lxl.LLURLRouterDemoTests;
				PRODUCT_NAME = "$(TARGET_NAME)";
				TEST_HOST = "$(BUILT_PRODUCTS_DIR)/LLURLRouterDemo.app/LLURLRouterDemo";
			};
			name = Debug;
		};
		2D1ED9B91D7A7F030015FC68 /* Release */ = {
			isa = XCBuildConfiguration;
			buildSettings = {
				BUNDLE_LOADER = "$(TEST_HOST)";
				INFOPLIST_FILE = LLURLRouterDemoTests/Info.plist;
				LD_RUNPATH_SEARCH_PATHS = "$(inherited) @executable_path/Frameworks @loader_path/Frameworks";
				PRODUCT_BUNDLE_IDENTIFIER = lxl.LLURLRouterDemoTests;
				PRODUCT_NAME = "$(TARGET_NAME)";
				TEST_HOST = "$(BUILT_PRODUCTS_DIR)/LLURLRouterDemo.app/LLURLRouterDemo";
			};
			name = Release;
		};
		2D1ED9BB1D7A7F030015FC68 /* Debug */ = {
			isa = XCBuildConfiguration;
			buildSettings = {
				INFOPLIST_FILE = LLURLRouterDemoUITests/Info.plist;
				LD_RUNPATH_SEARCH_PATHS = "$(inherited) @executable_path/Frameworks @loader_path/Frameworks";
				PRODUCT_BUNDLE_IDENTIFIER = lxl.LLURLRouterDemoUITests;
				PRODUCT_NAME = "$(TARGET_NAME)";
				TEST_TARGET_NAME = LLURLRouterDemo;
				USES_XCTRUNNER = YES;
			};
			name = Debug;
		};
		2D1ED9BC1D7A7F030015FC68 /* Release */ = {
			isa = XCBuildConfiguration;
			buildSettings = {
				INFOPLIST_FILE = LLURLRouterDemoUITests/Info.plist;
				LD_RUNPATH_SEARCH_PATHS = "$(inherited) @executable_path/Frameworks @loader_path/Frameworks";
				PRODUCT_BUNDLE_IDENTIFIER = lxl.LLURLRouterDemoUITests;
				PRODUCT_NAME = "$(TARGET_NAME)";
				TEST_TARGET_NAME = LLURLRouterDemo;
				USES_XCTRUNNER = YES;
			};
			name = Release;
		};
/* End XCBuildConfiguration section */

/* Begin XCConfigurationList section */
		2D1ED9821D7A7F030015FC68 /* Build configuration list for PBXProject "LLURLRouterDemo" */ = {
			isa = XCConfigurationList;
			buildConfigurations = (
				2D1ED9B21D7A7F030015FC68 /* Debug */,
				2D1ED9B31D7A7F030015FC68 /* Release */,
			);
			defaultConfigurationIsVisible = 0;
			defaultConfigurationName = Release;
		};
		2D1ED9B41D7A7F030015FC68 /* Build configuration list for PBXNativeTarget "LLURLRouterDemo" */ = {
			isa = XCConfigurationList;
			buildConfigurations = (
				2D1ED9B51D7A7F030015FC68 /* Debug */,
				2D1ED9B61D7A7F030015FC68 /* Release */,
			);
			defaultConfigurationIsVisible = 0;
			defaultConfigurationName = Release;
		};
		2D1ED9B71D7A7F030015FC68 /* Build configuration list for PBXNativeTarget "LLURLRouterDemoTests" */ = {
			isa = XCConfigurationList;
			buildConfigurations = (
				2D1ED9B81D7A7F030015FC68 /* Debug */,
				2D1ED9B91D7A7F030015FC68 /* Release */,
			);
			defaultConfigurationIsVisible = 0;
			defaultConfigurationName = Release;
		};
		2D1ED9BA1D7A7F030015FC68 /* Build configuration list for PBXNativeTarget "LLURLRouterDemoUITests" */ = {
			isa = XCConfigurationList;
			buildConfigurations = (
				2D1ED9BB1D7A7F030015FC68 /* Debug */,
				2D1ED9BC1D7A7F030015FC68 /* Release */,
			);
			defaultConfigurationIsVisible = 0;
			defaultConfigurationName = Release;
		};
/* End XCConfigurationList section */
	};
	rootObject = 2D1ED97F1D7A7F030015FC68 /* Project object */;
}
